
Microsoft Visual Studio Solution File, Format Version 12.00
# Visual Studio Version 17
VisualStudioVersion = 17.10.34928.147
MinimumVisualStudioVersion = 10.0.40219.1
Project("{FAE04EC0-301F-11D3-BF4B-00C04F79EFBC}") = "linkedin-api", "linkedin-api.csproj", "{60BB4CA5-E0EA-45AB-BD46-7D764F7A659D}"
EndProject
Global
	GlobalSection(SolutionConfigurationPlatforms) = preSolution
		Debug|Any CPU = Debug|Any CPU
		Release|Any CPU = Release|Any CPU
	EndGlobalSection
	GlobalSection(ProjectConfigurationPlatforms) = postSolution
		{60BB4CA5-E0EA-45AB-BD46-7D764F7A659D}.Debug|Any CPU.ActiveCfg = Debug|Any CPU
		{60BB4CA5-E0EA-45AB-BD46-7D764F7A659D}.Debug|Any CPU.Build.0 = Debug|Any CPU
		{60BB4CA5-E0EA-45AB-BD46-7D764F7A659D}.Release|Any CPU.ActiveCfg = Release|Any CPU
		{60BB4CA5-E0EA-45AB-BD46-7D764F7A659D}.Release|Any CPU.Build.0 = Release|Any CPU
	EndGlobalSection
	GlobalSection(SolutionProperties) = preSolution
		HideSolutionNode = FALSE
	EndGlobalSection
	GlobalSection(ExtensibilityGlobals) = postSolution
		SolutionGuid = {254DB7AC-5DB8-425D-A0A8-FF810D106FF4}
	EndGlobalSection
EndGlobal
